
Microsoft Visual Studio Solution File, Format Version 12.00
# Visual Studio Version 16
VisualStudioVersion = 16.0.31005.135
MinimumVisualStudioVersion = 10.0.40219.1
Project("{FAE04EC0-301F-11D3-BF4B-00C04F79EFBC}") = "Maze_Knight", "Maze_Knight.csproj", "{A8D42608-09DC-454A-8F0D-7104BDB0CCA2}"
EndProject
Project("{FAE04EC0-301F-11D3-BF4B-00C04F79EFBC}") = "Maze_Knight.UnitTests", "..\Maze_Knight.UnitTests\Maze_Knight.UnitTests.csproj", "{8DDD3FB0-0C09-47B7-960D-77ADE480AA60}"
EndProject
Global
	GlobalSection(SolutionConfigurationPlatforms) = preSolution
		Debug|Any CPU = Debug|Any CPU
		Release|Any CPU = Release|Any CPU
	EndGlobalSection
	GlobalSection(ProjectConfigurationPlatforms) = postSolution
		{A8D42608-09DC-454A-8F0D-7104BDB0CCA2}.Debug|Any CPU.ActiveCfg = Debug|Any CPU
		{A8D42608-09DC-454A-8F0D-7104BDB0CCA2}.Debug|Any CPU.Build.0 = Debug|Any CPU
		{A8D42608-09DC-454A-8F0D-7104BDB0CCA2}.Release|Any CPU.ActiveCfg = Release|Any CPU
		{A8D42608-09DC-454A-8F0D-7104BDB0CCA2}.Release|Any CPU.Build.0 = Release|Any CPU
		{8DDD3FB0-0C09-47B7-960D-77ADE480AA60}.Debug|Any CPU.ActiveCfg = Debug|Any CPU
		{8DDD3FB0-0C09-47B7-960D-77ADE480AA60}.Debug|Any CPU.Build.0 = Debug|Any CPU
		{8DDD3FB0-0C09-47B7-960D-77ADE480AA60}.Release|Any CPU.ActiveCfg = Release|Any CPU
		{8DDD3FB0-0C09-47B7-960D-77ADE480AA60}.Release|Any CPU.Build.0 = Release|Any CPU
	EndGlobalSection
	GlobalSection(SolutionProperties) = preSolution
		HideSolutionNode = FALSE
	EndGlobalSection
	GlobalSection(ExtensibilityGlobals) = postSolution
		SolutionGuid = {4A0F32BB-F6FA-49BE-B73E-6B060C9760DF}
	EndGlobalSection
EndGlobal
